{
  "name": "gka-tpl-percent",
  "version": "2.8.0",
  "lockfileVersion": 1,
  "requires": true,
  "dependencies": {
    "gka-utils": {
      "version": "2.8.0",
      "resolved": "https://registry.npmjs.org/gka-utils/-/gka-utils-2.8.0.tgz",
      "integrity": "sha512-E63KXRp4fT1pp/pBJT4jbGgXSJSQ55yZpVb6yi6lGC7G1r+FcXG0I7r0XpyBQ+u3z/WVpVZCGF3nBz7fnCHuZQ=="
    }
  }
}
